
Microsoft Visual Studio Solution File, Format Version 12.00
# Visual Studio Version 17
VisualStudioVersion = 17.10.35004.147
MinimumVisualStudioVersion = 10.0.40219.1
Project("{FAE04EC0-301F-11D3-BF4B-00C04F79EFBC}") = "OOpGyakorlás", "OOpGyakorlás\OOpGyakorlás.csproj", "{8482F220-BF0D-4360-9AB8-2F55215AF776}"
EndProject
Global
	GlobalSection(SolutionConfigurationPlatforms) = preSolution
		Debug|Any CPU = Debug|Any CPU
		Release|Any CPU = Release|Any CPU
	EndGlobalSection
	GlobalSection(ProjectConfigurationPlatforms) = postSolution
		{8482F220-BF0D-4360-9AB8-2F55215AF776}.Debug|Any CPU.ActiveCfg = Debug|Any CPU
		{8482F220-BF0D-4360-9AB8-2F55215AF776}.Debug|Any CPU.Build.0 = Debug|Any CPU
		{8482F220-BF0D-4360-9AB8-2F55215AF776}.Release|Any CPU.ActiveCfg = Release|Any CPU
		{8482F220-BF0D-4360-9AB8-2F55215AF776}.Release|Any CPU.Build.0 = Release|Any CPU
	EndGlobalSection
	GlobalSection(SolutionProperties) = preSolution
		HideSolutionNode = FALSE
	EndGlobalSection
	GlobalSection(ExtensibilityGlobals) = postSolution
		SolutionGuid = {C14D7D13-4403-4C18-AA50-8558D6CC3610}
	EndGlobalSection
EndGlobal
